
Microsoft Visual Studio Solution File, Format Version 12.00
# Visual Studio Version 16
VisualStudioVersion = 16.0.31702.278
MinimumVisualStudioVersion = 10.0.40219.1
Project("{9A19103F-16F7-4668-BE54-9A1E7A4F7556}") = "MyActor.Interfaces", "MyActor.Interfaces\MyActor.Interfaces.csproj", "{C1D247D7-EA02-45DA-9805-AB51BE20EC9C}"
EndProject
Project("{9A19103F-16F7-4668-BE54-9A1E7A4F7556}") = "MyActorService", "MyActorService\MyActorService.csproj", "{501DF743-0404-4B88-A5B0-3C10AA8ADB90}"
EndProject
Project("{9A19103F-16F7-4668-BE54-9A1E7A4F7556}") = "MyActorClient", "MyActorClient\MyActorClient.csproj", "{246EB500-B917-4DCA-91AE-5E002CC438FD}"
EndProject
Global
	GlobalSection(SolutionConfigurationPlatforms) = preSolution
		Debug|Any CPU = Debug|Any CPU
		Release|Any CPU = Release|Any CPU
	EndGlobalSection
	GlobalSection(ProjectConfigurationPlatforms) = postSolution
		{501DF743-0404-4B88-A5B0-3C10AA8ADB90}.Debug|Any CPU.ActiveCfg = Debug|Any CPU
		{501DF743-0404-4B88-A5B0-3C10AA8ADB90}.Debug|Any CPU.Build.0 = Debug|Any CPU
		{501DF743-0404-4B88-A5B0-3C10AA8ADB90}.Release|Any CPU.ActiveCfg = Release|Any CPU
		{501DF743-0404-4B88-A5B0-3C10AA8ADB90}.Release|Any CPU.Build.0 = Release|Any CPU
		{C1D247D7-EA02-45DA-9805-AB51BE20EC9C}.Debug|Any CPU.ActiveCfg = Debug|Any CPU
		{C1D247D7-EA02-45DA-9805-AB51BE20EC9C}.Debug|Any CPU.Build.0 = Debug|Any CPU
		{C1D247D7-EA02-45DA-9805-AB51BE20EC9C}.Release|Any CPU.ActiveCfg = Release|Any CPU
		{C1D247D7-EA02-45DA-9805-AB51BE20EC9C}.Release|Any CPU.Build.0 = Release|Any CPU
		{246EB500-B917-4DCA-91AE-5E002CC438FD}.Debug|Any CPU.ActiveCfg = Debug|Any CPU
		{246EB500-B917-4DCA-91AE-5E002CC438FD}.Debug|Any CPU.Build.0 = Debug|Any CPU
		{246EB500-B917-4DCA-91AE-5E002CC438FD}.Release|Any CPU.ActiveCfg = Release|Any CPU
		{246EB500-B917-4DCA-91AE-5E002CC438FD}.Release|Any CPU.Build.0 = Release|Any CPU
	EndGlobalSection
	GlobalSection(SolutionProperties) = preSolution
		HideSolutionNode = FALSE
	EndGlobalSection
	GlobalSection(ExtensibilityGlobals) = postSolution
		SolutionGuid = {A592CB43-1156-4258-98C7-1A1668B5B8AF}
	EndGlobalSection
EndGlobal
